
Microsoft Visual Studio Solution File, Format Version 12.00
# Visual Studio 15
VisualStudioVersion = 15.0.27130.2024
MinimumVisualStudioVersion = 10.0.40219.1
Project("{9A19103F-16F7-4668-BE54-9A1E7A4F7556}") = "LIMSWebApp", "LIMSWebApp\LIMSWebApp.csproj", "{7BC183B2-74A6-4E1D-A27F-67A38F36E2E9}"
EndProject
Project("{9A19103F-16F7-4668-BE54-9A1E7A4F7556}") = "LIMSCore", "LIMSCore\LIMSCore.csproj", "{63AE5DB6-8BF3-4BBD-A60F-394E4CDAA582}"
EndProject
Project("{9A19103F-16F7-4668-BE54-9A1E7A4F7556}") = "LIMSInfrastructure", "LIMSInfrastructure\LIMSInfrastructure.csproj", "{469AB780-D300-428D-8064-D6DE8FF72399}"
EndProject
Project("{9A19103F-16F7-4668-BE54-9A1E7A4F7556}") = "UnitTests", "Tests\UnitTests\UnitTests.csproj", "{8A26372E-7382-42C7-B228-F319BECB6E93}"
EndProject
Project("{2150E333-8FDC-42A3-9474-1A3956D46DE8}") = "Solution Items", "Solution Items", "{60039575-1244-41FD-B7A9-858DC0583834}"
	ProjectSection(SolutionItems) = preProject
		.editorconfig = .editorconfig
	EndProjectSection
EndProject
Project("{FAE04EC0-301F-11D3-BF4B-00C04F79EFBC}") = "LIMSAPI", "LIMSAPI\LIMSAPI.csproj", "{5BE79BA8-4F60-405D-8482-EC5B34EAB84A}"
EndProject
Global
	GlobalSection(SolutionConfigurationPlatforms) = preSolution
		Debug|Any CPU = Debug|Any CPU
		Release|Any CPU = Release|Any CPU
	EndGlobalSection
	GlobalSection(ProjectConfigurationPlatforms) = postSolution
		{7BC183B2-74A6-4E1D-A27F-67A38F36E2E9}.Debug|Any CPU.ActiveCfg = Debug|Any CPU
		{7BC183B2-74A6-4E1D-A27F-67A38F36E2E9}.Debug|Any CPU.Build.0 = Debug|Any CPU
		{7BC183B2-74A6-4E1D-A27F-67A38F36E2E9}.Release|Any CPU.ActiveCfg = Release|Any CPU
		{7BC183B2-74A6-4E1D-A27F-67A38F36E2E9}.Release|Any CPU.Build.0 = Release|Any CPU
		{63AE5DB6-8BF3-4BBD-A60F-394E4CDAA582}.Debug|Any CPU.ActiveCfg = Debug|Any CPU
		{63AE5DB6-8BF3-4BBD-A60F-394E4CDAA582}.Debug|Any CPU.Build.0 = Debug|Any CPU
		{63AE5DB6-8BF3-4BBD-A60F-394E4CDAA582}.Release|Any CPU.ActiveCfg = Release|Any CPU
		{63AE5DB6-8BF3-4BBD-A60F-394E4CDAA582}.Release|Any CPU.Build.0 = Release|Any CPU
		{469AB780-D300-428D-8064-D6DE8FF72399}.Debug|Any CPU.ActiveCfg = Debug|Any CPU
		{469AB780-D300-428D-8064-D6DE8FF72399}.Debug|Any CPU.Build.0 = Debug|Any CPU
		{469AB780-D300-428D-8064-D6DE8FF72399}.Release|Any CPU.ActiveCfg = Release|Any CPU
		{469AB780-D300-428D-8064-D6DE8FF72399}.Release|Any CPU.Build.0 = Release|Any CPU
		{8A26372E-7382-42C7-B228-F319BECB6E93}.Debug|Any CPU.ActiveCfg = Debug|Any CPU
		{8A26372E-7382-42C7-B228-F319BECB6E93}.Debug|Any CPU.Build.0 = Debug|Any CPU
		{8A26372E-7382-42C7-B228-F319BECB6E93}.Release|Any CPU.ActiveCfg = Release|Any CPU
		{8A26372E-7382-42C7-B228-F319BECB6E93}.Release|Any CPU.Build.0 = Release|Any CPU
		{5BE79BA8-4F60-405D-8482-EC5B34EAB84A}.Debug|Any CPU.ActiveCfg = Debug|Any CPU
		{5BE79BA8-4F60-405D-8482-EC5B34EAB84A}.Debug|Any CPU.Build.0 = Debug|Any CPU
		{5BE79BA8-4F60-405D-8482-EC5B34EAB84A}.Release|Any CPU.ActiveCfg = Release|Any CPU
		{5BE79BA8-4F60-405D-8482-EC5B34EAB84A}.Release|Any CPU.Build.0 = Release|Any CPU
	EndGlobalSection
	GlobalSection(SolutionProperties) = preSolution
		HideSolutionNode = FALSE
	EndGlobalSection
	GlobalSection(ExtensibilityGlobals) = postSolution
		SolutionGuid = {3174D9D8-3648-4B77-A9FE-1AE035130978}
	EndGlobalSection
EndGlobal
